
Microsoft Visual Studio Solution File, Format Version 12.00
# Visual Studio Version 17
VisualStudioVersion = 17.0.31903.59
MinimumVisualStudioVersion = 10.0.40219.1
Project("{FAE04EC0-301F-11D3-BF4B-00C04F79EFBC}") = "tela_de_Cadastro", "tela_de_Cadastro\tela_de_Cadastro.csproj", "{E7897272-8EF3-473D-B89A-0EA7969DBD89}"
EndProject
Global
	GlobalSection(SolutionConfigurationPlatforms) = preSolution
		Debug|Any CPU = Debug|Any CPU
		Release|Any CPU = Release|Any CPU
	EndGlobalSection
	GlobalSection(ProjectConfigurationPlatforms) = postSolution
		{E7897272-8EF3-473D-B89A-0EA7969DBD89}.Debug|Any CPU.ActiveCfg = Debug|Any CPU
		{E7897272-8EF3-473D-B89A-0EA7969DBD89}.Debug|Any CPU.Build.0 = Debug|Any CPU
		{E7897272-8EF3-473D-B89A-0EA7969DBD89}.Release|Any CPU.ActiveCfg = Release|Any CPU
		{E7897272-8EF3-473D-B89A-0EA7969DBD89}.Release|Any CPU.Build.0 = Release|Any CPU
	EndGlobalSection
	GlobalSection(SolutionProperties) = preSolution
		HideSolutionNode = FALSE
	EndGlobalSection
	GlobalSection(ExtensibilityGlobals) = postSolution
		SolutionGuid = {2B389990-8175-48EA-A038-A840B395A85D}
	EndGlobalSection
EndGlobal
